
Microsoft Visual Studio Solution File, Format Version 12.00
# Visual Studio Version 17
VisualStudioVersion = 17.10.35004.147
MinimumVisualStudioVersion = 10.0.40219.1
Project("{FAE04EC0-301F-11D3-BF4B-00C04F79EFBC}") = "netBasic", "netBasic.csproj", "{BEF58552-A659-427C-8CCC-F65EEEC024D8}"
EndProject
Global
	GlobalSection(SolutionConfigurationPlatforms) = preSolution
		Debug|Any CPU = Debug|Any CPU
		Release|Any CPU = Release|Any CPU
	EndGlobalSection
	GlobalSection(ProjectConfigurationPlatforms) = postSolution
		{BEF58552-A659-427C-8CCC-F65EEEC024D8}.Debug|Any CPU.ActiveCfg = Debug|Any CPU
		{BEF58552-A659-427C-8CCC-F65EEEC024D8}.Debug|Any CPU.Build.0 = Debug|Any CPU
		{BEF58552-A659-427C-8CCC-F65EEEC024D8}.Release|Any CPU.ActiveCfg = Release|Any CPU
		{BEF58552-A659-427C-8CCC-F65EEEC024D8}.Release|Any CPU.Build.0 = Release|Any CPU
	EndGlobalSection
	GlobalSection(SolutionProperties) = preSolution
		HideSolutionNode = FALSE
	EndGlobalSection
	GlobalSection(ExtensibilityGlobals) = postSolution
		SolutionGuid = {45432F95-D407-4B0D-AC0D-BF0C35A12D0C}
	EndGlobalSection
EndGlobal
